
Microsoft Visual Studio Solution File, Format Version 12.00
# Visual Studio Version 16
VisualStudioVersion = 16.0.31025.194
MinimumVisualStudioVersion = 10.0.40219.1
Project("{FAE04EC0-301F-11D3-BF4B-00C04F79EFBC}") = "MusicPlayer", "MusicPlayer\MusicPlayer.csproj", "{A741AD5A-9DD7-4388-8063-9D6784046075}"
EndProject
Global
	GlobalSection(SolutionConfigurationPlatforms) = preSolution
		Debug|Any CPU = Debug|Any CPU
		Release|Any CPU = Release|Any CPU
	EndGlobalSection
	GlobalSection(ProjectConfigurationPlatforms) = postSolution
		{A741AD5A-9DD7-4388-8063-9D6784046075}.Debug|Any CPU.ActiveCfg = Debug|Any CPU
		{A741AD5A-9DD7-4388-8063-9D6784046075}.Debug|Any CPU.Build.0 = Debug|Any CPU
		{A741AD5A-9DD7-4388-8063-9D6784046075}.Release|Any CPU.ActiveCfg = Release|Any CPU
		{A741AD5A-9DD7-4388-8063-9D6784046075}.Release|Any CPU.Build.0 = Release|Any CPU
	EndGlobalSection
	GlobalSection(SolutionProperties) = preSolution
		HideSolutionNode = FALSE
	EndGlobalSection
	GlobalSection(ExtensibilityGlobals) = postSolution
		SolutionGuid = {242B4666-C99B-4B7F-A8D4-376AA1DDD3EE}
	EndGlobalSection
EndGlobal
